{"version":4,"terraform_version":"1.11.4","serial":30,"lineage":"c5d45c8a-ff2e-a163-1515-2444aaf951f4","outputs":{"api_url":{"value":"http://localhost:3000","type":"string"}},"resources":[{"mode":"managed","type":"docker_container","name":"api","provider":"provider[\"registry.opentofu.org/kreuzwerker/docker\"]","instances":[{"schema_version":2,"attributes":{"attach":false,"bridge":"","capabilities":[],"cgroup_parent":null,"cgroupns_mode":null,"command":["npm","start"],"container_logs":null,"container_read_refresh_timeout_milliseconds":15000,"cpu_period":null,"cpu_quota":null,"cpu_set":"","cpu_shares":0,"cpus":null,"destroy_grace_seconds":null,"devices":[],"dns":null,"dns_opts":null,"dns_search":null,"domainname":"","entrypoint":["docker-entrypoint.sh"],"env":[],"exit_code":null,"gpus":null,"group_add":null,"healthcheck":null,"host":[],"hostname":"1cc41f7507d5","id":"1cc41f7507d5a36290dd2ce941272f94009b420bb4b275502ef038eae61d4752","image":"api:latest","init":false,"ipc_mode":"private","labels":[],"log_driver":"json-file","log_opts":null,"logs":false,"max_retry_count":0,"memory":0,"memory_reservation":0,"memory_swap":0,"mounts":[],"must_run":true,"name":"api","network_data":[{"gateway":"172.19.0.1","global_ipv6_address":"","global_ipv6_prefix_length":0,"ip_address":"172.19.0.4","ip_prefix_length":16,"ipv6_gateway":"","mac_address":"b6:3f:89:e9:a2:b3","network_name":"opentofu_network"}],"network_mode":"bridge","networks_advanced":[{"aliases":[],"ipv4_address":"","ipv6_address":"","mac_address":"","name":"opentofu_network"}],"pid_mode":"","ports":[{"external":3000,"internal":3000,"ip":"0.0.0.0","protocol":"tcp"}],"privileged":false,"publish_all_ports":false,"read_only":false,"remove_volumes":true,"restart":"unless-stopped","rm":false,"runtime":"runc","security_opts":[],"shm_size":64,"start":true,"stdin_open":false,"stop_signal":"","stop_timeout":0,"storage_opts":null,"sysctls":null,"tmpfs":null,"tty":false,"ulimit":[],"upload":[],"user":"","userns_mode":"","volumes":[],"wait":false,"wait_timeout":60,"working_dir":"/app"},"sensitive_attributes":[],"private":"eyJzY2hlbWFfdmVyc2lvbiI6IjIifQ==","dependencies":["docker_container.mongodb","docker_image.api","docker_image.mongo","docker_network.stack_network","docker_volume.mongo_data"]}]},{"mode":"managed","type":"docker_container","name":"mongodb","provider":"provider[\"registry.opentofu.org/kreuzwerker/docker\"]","instances":[{"schema_version":2,"attributes":{"attach":false,"bridge":"","capabilities":[],"cgroup_parent":null,"cgroupns_mode":null,"command":["mongod"],"container_logs":null,"container_read_refresh_timeout_milliseconds":15000,"cpu_period":null,"cpu_quota":null,"cpu_set":"","cpu_shares":0,"cpus":null,"destroy_grace_seconds":null,"devices":[],"dns":null,"dns_opts":null,"dns_search":null,"domainname":"","entrypoint":["docker-entrypoint.sh"],"env":["MONGO_INITDB_DATABASE=feedback","MONGO_INITDB_ROOT_PASSWORD=rootpassword","MONGO_INITDB_ROOT_USERNAME=root"],"exit_code":null,"gpus":null,"group_add":null,"healthcheck":null,"host":[],"hostname":"b6782b37f7fb","id":"b6782b37f7fbd46d56bc95a4cb82efd50e9d5340e9498fd5707be4ac4ce12541","image":"mongo:7","init":false,"ipc_mode":"private","labels":[],"log_driver":"json-file","log_opts":null,"logs":false,"max_retry_count":0,"memory":0,"memory_reservation":0,"memory_swap":0,"mounts":[],"must_run":true,"name":"mongodb","network_data":[{"gateway":"172.19.0.1","global_ipv6_address":"","global_ipv6_prefix_length":0,"ip_address":"172.19.0.3","ip_prefix_length":16,"ipv6_gateway":"","mac_address":"92:69:45:ff:08:07","network_name":"opentofu_network"}],"network_mode":"bridge","networks_advanced":[{"aliases":[],"ipv4_address":"","ipv6_address":"","mac_address":"","name":"opentofu_network"}],"pid_mode":"","ports":[{"external":27017,"internal":27017,"ip":"0.0.0.0","protocol":"tcp"}],"privileged":false,"publish_all_ports":false,"read_only":false,"remove_volumes":true,"restart":"unless-stopped","rm":false,"runtime":"runc","security_opts":[],"shm_size":64,"start":true,"stdin_open":false,"stop_signal":"","stop_timeout":0,"storage_opts":null,"sysctls":null,"tmpfs":null,"tty":false,"ulimit":[],"upload":[],"user":"","userns_mode":"","volumes":[{"container_path":"/data/db","from_container":"","host_path":"","read_only":null,"volume_name":"mongo_data"},{"container_path":"/docker-entrypoint-initdb.d","from_container":"","host_path":"/home/alex/feedbackflow/init-mongo","read_only":true,"volume_name":""}],"wait":false,"wait_timeout":60,"working_dir":""},"sensitive_attributes":[],"private":"eyJzY2hlbWFfdmVyc2lvbiI6IjIifQ==","dependencies":["docker_image.mongo","docker_network.stack_network","docker_volume.mongo_data"]}]},{"mode":"managed","type":"docker_container","name":"nginx_container","provider":"provider[\"registry.opentofu.org/kreuzwerker/docker\"]","instances":[{"schema_version":2,"attributes":{"attach":false,"bridge":"","capabilities":[],"cgroup_parent":null,"cgroupns_mode":null,"command":["nginx","-g","daemon off;"],"container_logs":null,"container_read_refresh_timeout_milliseconds":15000,"cpu_period":null,"cpu_quota":null,"cpu_set":"","cpu_shares":0,"cpus":null,"destroy_grace_seconds":null,"devices":[],"dns":null,"dns_opts":null,"dns_search":null,"domainname":"","entrypoint":["/docker-entrypoint.sh"],"env":[],"exit_code":null,"gpus":null,"group_add":null,"healthcheck":null,"host":[],"hostname":"3c3b2605c583","id":"3c3b2605c583bed8d1d3c4553684136797acd803e2d57e7d5b384ed46b4277ee","image":"nginx:alpine","init":false,"ipc_mode":"private","labels":[],"log_driver":"json-file","log_opts":null,"logs":false,"max_retry_count":0,"memory":0,"memory_reservation":0,"memory_swap":0,"mounts":[],"must_run":true,"name":"nginx","network_data":[{"gateway":"172.19.0.1","global_ipv6_address":"","global_ipv6_prefix_length":0,"ip_address":"172.19.0.2","ip_prefix_length":16,"ipv6_gateway":"","mac_address":"96:da:a0:1e:f4:8f","network_name":"opentofu_network"}],"network_mode":"bridge","networks_advanced":[{"aliases":[],"ipv4_address":"","ipv6_address":"","mac_address":"","name":"opentofu_network"}],"pid_mode":"","ports":[{"external":8080,"internal":80,"ip":"0.0.0.0","protocol":"tcp"}],"privileged":false,"publish_all_ports":false,"read_only":false,"remove_volumes":true,"restart":"no","rm":false,"runtime":"runc","security_opts":[],"shm_size":64,"start":true,"stdin_open":false,"stop_signal":"SIGQUIT","stop_timeout":0,"storage_opts":null,"sysctls":null,"tmpfs":null,"tty":false,"ulimit":[],"upload":[],"user":"","userns_mode":"","volumes":[{"container_path":"/usr/share/nginx/html","from_container":"","host_path":"/home/alex/feedbackflow/nginx/html/","read_only":true,"volume_name":""}],"wait":false,"wait_timeout":60,"working_dir":"/"},"sensitive_attributes":[],"private":"eyJzY2hlbWFfdmVyc2lvbiI6IjIifQ==","dependencies":["docker_image.nginx","docker_network.stack_network"]}]},{"mode":"managed","type":"docker_image","name":"api","provider":"provider[\"registry.opentofu.org/kreuzwerker/docker\"]","instances":[{"schema_version":0,"attributes":{"build":[{"additional_contexts":[],"auth_config":[],"build_args":null,"build_id":"","build_log_file":"","builder":"","cache_from":[],"cache_to":[],"cgroup_parent":"","context":"./api","cpu_period":null,"cpu_quota":null,"cpu_set_cpus":"","cpu_set_mems":"","cpu_shares":null,"dockerfile":"Dockerfile","extra_hosts":[],"force_remove":null,"isolation":"","label":null,"labels":null,"memory":null,"memory_swap":null,"network_mode":"","no_cache":null,"platform":"","pull_parent":null,"remote_context":"","remove":true,"secrets":[],"security_opt":[],"session_id":"","shm_size":null,"squash":null,"suppress_output":null,"tag":[],"target":"","ulimit":[],"version":""}],"force_remove":null,"id":"sha256:9be4690037e5238024d2bfc1503db902780a67e44b2db43a1a1200bd7bd14ef6api:latest","image_id":"sha256:9be4690037e5238024d2bfc1503db902780a67e44b2db43a1a1200bd7bd14ef6","keep_locally":null,"name":"api:latest","platform":null,"pull_triggers":null,"repo_digest":"","timeouts":null,"triggers":null},"sensitive_attributes":[],"private":"eyJlMmJmYjczMC1lY2FhLTExZTYtOGY4OC0zNDM2M2JjN2M0YzAiOnsiY3JlYXRlIjoxMjAwMDAwMDAwMDAwLCJkZWxldGUiOjEyMDAwMDAwMDAwMDAsInVwZGF0ZSI6MTIwMDAwMDAwMDAwMH19"}]},{"mode":"managed","type":"docker_image","name":"mongo","provider":"provider[\"registry.opentofu.org/kreuzwerker/docker\"]","instances":[{"schema_version":0,"attributes":{"build":[],"force_remove":null,"id":"sha256:4bcad3bdc122497675b8b5f7edbd62b3cb2366fa6d1f01932dc9739a2b918241mongo:7","image_id":"sha256:4bcad3bdc122497675b8b5f7edbd62b3cb2366fa6d1f01932dc9739a2b918241","keep_locally":false,"name":"mongo:7","platform":null,"pull_triggers":null,"repo_digest":"mongo@sha256:6159d784bc2ed3e6e97648bb28d93d43cf9660401c1230f4f340d14d68421119","timeouts":null,"triggers":null},"sensitive_attributes":[],"private":"eyJlMmJmYjczMC1lY2FhLTExZTYtOGY4OC0zNDM2M2JjN2M0YzAiOnsiY3JlYXRlIjoxMjAwMDAwMDAwMDAwLCJkZWxldGUiOjEyMDAwMDAwMDAwMDAsInVwZGF0ZSI6MTIwMDAwMDAwMDAwMH19"}]},{"mode":"managed","type":"docker_image","name":"nginx","provider":"provider[\"registry.opentofu.org/kreuzwerker/docker\"]","instances":[{"schema_version":0,"attributes":{"build":[],"force_remove":null,"id":"sha256:b76de378d57272a1dd9091a05dd548a3639dfb792ebdbf95d06704d2950afdeanginx:alpine","image_id":"sha256:b76de378d57272a1dd9091a05dd548a3639dfb792ebdbf95d06704d2950afdea","keep_locally":false,"name":"nginx:alpine","platform":null,"pull_triggers":null,"repo_digest":"nginx@sha256:1d13701a5f9f3fb01aaa88cef2344d65b6b5bf6b7d9fa4cf0dca557a8d7702ba","timeouts":null,"triggers":null},"sensitive_attributes":[],"private":"eyJlMmJmYjczMC1lY2FhLTExZTYtOGY4OC0zNDM2M2JjN2M0YzAiOnsiY3JlYXRlIjoxMjAwMDAwMDAwMDAwLCJkZWxldGUiOjEyMDAwMDAwMDAwMDAsInVwZGF0ZSI6MTIwMDAwMDAwMDAwMH19"}]},{"mode":"managed","type":"docker_network","name":"stack_network","provider":"provider[\"registry.opentofu.org/kreuzwerker/docker\"]","instances":[{"schema_version":1,"attributes":{"attachable":false,"check_duplicate":null,"driver":"bridge","id":"3622504a63b3e45f3cb33ea407b72ad72fae10a0f29627f1742636102c88ea54","ingress":false,"internal":false,"ipam_config":[{"aux_address":{},"gateway":"172.19.0.1","ip_range":"","subnet":"172.19.0.0/16"}],"ipam_driver":"default","ipam_options":null,"ipv6":false,"labels":[],"name":"opentofu_network","options":{},"scope":"local"},"sensitive_attributes":[],"private":"eyJzY2hlbWFfdmVyc2lvbiI6IjEifQ=="}]},{"mode":"managed","type":"docker_volume","name":"mongo_data","provider":"provider[\"registry.opentofu.org/kreuzwerker/docker\"]","instances":[{"schema_version":1,"attributes":{"cluster":[],"driver":"local","driver_opts":null,"id":"mongo_data","labels":[],"mountpoint":"/var/lib/docker/volumes/mongo_data/_data","name":"mongo_data"},"sensitive_attributes":[],"private":"eyJzY2hlbWFfdmVyc2lvbiI6IjEifQ=="}]}],"check_results":null}
